
Microsoft Visual Studio Solution File, Format Version 12.00
# Visual Studio Version 17
VisualStudioVersion = 17.6.33801.468
MinimumVisualStudioVersion = 10.0.40219.1
Project("{8BC9CEB8-8B4A-11D0-8D11-00A0C91BC942}") = "RTTI-Extractor", "RTTI-Extractor\RTTI-Extractor.vcxproj", "{D06BCBD6-1C29-4D6F-A33F-AA16038B2B4D}"
EndProject
Global
	GlobalSection(SolutionConfigurationPlatforms) = preSolution
		Debug|x64 = Debug|x64
		Debug|x86 = Debug|x86
		Release|x64 = Release|x64
		Release|x86 = Release|x86
	EndGlobalSection
	GlobalSection(ProjectConfigurationPlatforms) = postSolution
		{D06BCBD6-1C29-4D6F-A33F-AA16038B2B4D}.Debug|x64.ActiveCfg = Debug|x64
		{D06BCBD6-1C29-4D6F-A33F-AA16038B2B4D}.Debug|x64.Build.0 = Debug|x64
		{D06BCBD6-1C29-4D6F-A33F-AA16038B2B4D}.Debug|x86.ActiveCfg = Debug|Win32
		{D06BCBD6-1C29-4D6F-A33F-AA16038B2B4D}.Debug|x86.Build.0 = Debug|Win32
		{D06BCBD6-1C29-4D6F-A33F-AA16038B2B4D}.Release|x64.ActiveCfg = Release|x64
		{D06BCBD6-1C29-4D6F-A33F-AA16038B2B4D}.Release|x64.Build.0 = Release|x64
		{D06BCBD6-1C29-4D6F-A33F-AA16038B2B4D}.Release|x86.ActiveCfg = Release|Win32
		{D06BCBD6-1C29-4D6F-A33F-AA16038B2B4D}.Release|x86.Build.0 = Release|Win32
	EndGlobalSection
	GlobalSection(SolutionProperties) = preSolution
		HideSolutionNode = FALSE
	EndGlobalSection
	GlobalSection(ExtensibilityGlobals) = postSolution
		SolutionGuid = {58F98C53-CF9D-4B52-ACAD-0E8FBFB5B98E}
	EndGlobalSection
EndGlobal
